
Microsoft Visual Studio Solution File, Format Version 12.00
# Visual Studio Version 16
VisualStudioVersion = 16.0.29411.108
MinimumVisualStudioVersion = 10.0.40219.1
Project("{8BC9CEB8-8B4A-11D0-8D11-00A0C91BC942}") = "Tree", "Tree.vcxproj", "{5C52CBEC-3011-48CB-80DC-5E69B22A79C5}"
EndProject
Project("{8BC9CEB8-8B4A-11D0-8D11-00A0C91BC942}") = "UnitTreeTest", "..\UnitTreeTest\UnitTreeTest.vcxproj", "{7C921AE1-4302-4A98-B3B0-E4349AE7A2A8}"
EndProject
Global
	GlobalSection(SolutionConfigurationPlatforms) = preSolution
		Debug|x64 = Debug|x64
		Debug|x86 = Debug|x86
		Release|x64 = Release|x64
		Release|x86 = Release|x86
	EndGlobalSection
	GlobalSection(ProjectConfigurationPlatforms) = postSolution
		{5C52CBEC-3011-48CB-80DC-5E69B22A79C5}.Debug|x64.ActiveCfg = Debug|x64
		{5C52CBEC-3011-48CB-80DC-5E69B22A79C5}.Debug|x64.Build.0 = Debug|x64
		{5C52CBEC-3011-48CB-80DC-5E69B22A79C5}.Debug|x86.ActiveCfg = Debug|Win32
		{5C52CBEC-3011-48CB-80DC-5E69B22A79C5}.Debug|x86.Build.0 = Debug|Win32
		{5C52CBEC-3011-48CB-80DC-5E69B22A79C5}.Release|x64.ActiveCfg = Release|x64
		{5C52CBEC-3011-48CB-80DC-5E69B22A79C5}.Release|x64.Build.0 = Release|x64
		{5C52CBEC-3011-48CB-80DC-5E69B22A79C5}.Release|x86.ActiveCfg = Release|Win32
		{5C52CBEC-3011-48CB-80DC-5E69B22A79C5}.Release|x86.Build.0 = Release|Win32
		{7C921AE1-4302-4A98-B3B0-E4349AE7A2A8}.Debug|x64.ActiveCfg = Debug|x64
		{7C921AE1-4302-4A98-B3B0-E4349AE7A2A8}.Debug|x64.Build.0 = Debug|x64
		{7C921AE1-4302-4A98-B3B0-E4349AE7A2A8}.Debug|x86.ActiveCfg = Debug|Win32
		{7C921AE1-4302-4A98-B3B0-E4349AE7A2A8}.Debug|x86.Build.0 = Debug|Win32
		{7C921AE1-4302-4A98-B3B0-E4349AE7A2A8}.Release|x64.ActiveCfg = Release|x64
		{7C921AE1-4302-4A98-B3B0-E4349AE7A2A8}.Release|x64.Build.0 = Release|x64
		{7C921AE1-4302-4A98-B3B0-E4349AE7A2A8}.Release|x86.ActiveCfg = Release|Win32
		{7C921AE1-4302-4A98-B3B0-E4349AE7A2A8}.Release|x86.Build.0 = Release|Win32
	EndGlobalSection
	GlobalSection(SolutionProperties) = preSolution
		HideSolutionNode = FALSE
	EndGlobalSection
	GlobalSection(ExtensibilityGlobals) = postSolution
		SolutionGuid = {C2D5CF7D-D318-4A44-9546-53CEE120D548}
	EndGlobalSection
EndGlobal
